
Microsoft Visual Studio Solution File, Format Version 12.00
# Visual Studio Version 17
VisualStudioVersion = 17.5.33627.172
MinimumVisualStudioVersion = 10.0.40219.1
Project("{FAE04EC0-301F-11D3-BF4B-00C04F79EFBC}") = "S3_Ejercicio01_consola", "S3_Ejercicio01_consola.csproj", "{68AEE952-16A3-4A41-A27F-A65DD9B96D8B}"
EndProject
Global
	GlobalSection(SolutionConfigurationPlatforms) = preSolution
		Debug|Any CPU = Debug|Any CPU
		Release|Any CPU = Release|Any CPU
	EndGlobalSection
	GlobalSection(ProjectConfigurationPlatforms) = postSolution
		{68AEE952-16A3-4A41-A27F-A65DD9B96D8B}.Debug|Any CPU.ActiveCfg = Debug|Any CPU
		{68AEE952-16A3-4A41-A27F-A65DD9B96D8B}.Debug|Any CPU.Build.0 = Debug|Any CPU
		{68AEE952-16A3-4A41-A27F-A65DD9B96D8B}.Release|Any CPU.ActiveCfg = Release|Any CPU
		{68AEE952-16A3-4A41-A27F-A65DD9B96D8B}.Release|Any CPU.Build.0 = Release|Any CPU
	EndGlobalSection
	GlobalSection(SolutionProperties) = preSolution
		HideSolutionNode = FALSE
	EndGlobalSection
	GlobalSection(ExtensibilityGlobals) = postSolution
		SolutionGuid = {2DC60786-9A44-4DE3-97D9-6F5163DAF833}
	EndGlobalSection
EndGlobal
